<Solution>
  <Project Path="DotElectric.Document/DotElectric.Document.csproj" />
  <Project Path="DotElectric.Sheets/DotElectric.Sheets.csproj" />
  <Project Path="DotElectric.Sheets.Tests/DotElectric.Sheets.Tests.csproj" />
  <Project Path="DotElectric.TemplateEditor.Tests/DotElectric.TemplateEditor.Tests.csproj" />
  <Project Path="DotElectric.TemplateEditor/DotElectric.TemplateEditor.csproj" />
</Solution>
